
Microsoft Visual Studio Solution File, Format Version 12.00
# Visual Studio 15
VisualStudioVersion = 15.0.27703.2047
MinimumVisualStudioVersion = 10.0.40219.1
Project("{FAE04EC0-301F-11D3-BF4B-00C04F79EFBC}") = "StoreManagementSystem", "StoreManagementSystem\StoreManagementSystem.csproj", "{163B56C6-7061-48C7-AB66-59DAC8D0B618}"
EndProject
Global
	GlobalSection(SolutionConfigurationPlatforms) = preSolution
		Debug|Any CPU = Debug|Any CPU
		Release|Any CPU = Release|Any CPU
	EndGlobalSection
	GlobalSection(ProjectConfigurationPlatforms) = postSolution
		{163B56C6-7061-48C7-AB66-59DAC8D0B618}.Debug|Any CPU.ActiveCfg = Debug|Any CPU
		{163B56C6-7061-48C7-AB66-59DAC8D0B618}.Debug|Any CPU.Build.0 = Debug|Any CPU
		{163B56C6-7061-48C7-AB66-59DAC8D0B618}.Release|Any CPU.ActiveCfg = Release|Any CPU
		{163B56C6-7061-48C7-AB66-59DAC8D0B618}.Release|Any CPU.Build.0 = Release|Any CPU
	EndGlobalSection
	GlobalSection(SolutionProperties) = preSolution
		HideSolutionNode = FALSE
	EndGlobalSection
	GlobalSection(ExtensibilityGlobals) = postSolution
		SolutionGuid = {CDE0E9A9-498C-4533-930F-FDBB959A5FF2}
	EndGlobalSection
EndGlobal
